
Microsoft Visual Studio Solution File, Format Version 12.00
# Visual Studio 2012
Project("{FAE04EC0-301F-11D3-BF4B-00C04F79EFBC}") = "Common.Email", "Common.Email\Common.Email.csproj", "{421C499B-3242-48DE-BE64-050002E41241}"
EndProject
Project("{FAE04EC0-301F-11D3-BF4B-00C04F79EFBC}") = "Common.Email.Specifications", "..\spec\Common.Email.Specifications\Common.Email.Specifications.csproj", "{AF0B95DE-D857-4BFB-9D30-58B0E3D8EEBF}"
EndProject
Project("{2150E333-8FDC-42A3-9474-1A3956D46DE8}") = ".nuget", ".nuget", "{E79B0630-F0BE-48A1-8F81-293F4550796B}"
	ProjectSection(SolutionItems) = preProject
		.nuget\NuGet.Config = .nuget\NuGet.Config
		.nuget\NuGet.exe = .nuget\NuGet.exe
		.nuget\NuGet.targets = .nuget\NuGet.targets
		.nuget\packages.config = .nuget\packages.config
	EndProjectSection
EndProject
Global
	GlobalSection(SolutionConfigurationPlatforms) = preSolution
		Debug|Any CPU = Debug|Any CPU
		Release|Any CPU = Release|Any CPU
	EndGlobalSection
	GlobalSection(ProjectConfigurationPlatforms) = postSolution
		{421C499B-3242-48DE-BE64-050002E41241}.Debug|Any CPU.ActiveCfg = Debug|Any CPU
		{421C499B-3242-48DE-BE64-050002E41241}.Debug|Any CPU.Build.0 = Debug|Any CPU
		{421C499B-3242-48DE-BE64-050002E41241}.Release|Any CPU.ActiveCfg = Release|Any CPU
		{421C499B-3242-48DE-BE64-050002E41241}.Release|Any CPU.Build.0 = Release|Any CPU
		{AF0B95DE-D857-4BFB-9D30-58B0E3D8EEBF}.Debug|Any CPU.ActiveCfg = Debug|Any CPU
		{AF0B95DE-D857-4BFB-9D30-58B0E3D8EEBF}.Debug|Any CPU.Build.0 = Debug|Any CPU
		{AF0B95DE-D857-4BFB-9D30-58B0E3D8EEBF}.Release|Any CPU.ActiveCfg = Release|Any CPU
		{AF0B95DE-D857-4BFB-9D30-58B0E3D8EEBF}.Release|Any CPU.Build.0 = Release|Any CPU
	EndGlobalSection
	GlobalSection(SolutionProperties) = preSolution
		HideSolutionNode = FALSE
	EndGlobalSection
EndGlobal
